
Microsoft Visual Studio Solution File, Format Version 12.00
# Visual Studio 15
VisualStudioVersion = 15.0.27130.2024
MinimumVisualStudioVersion = 10.0.40219.1
Project("{9A19103F-16F7-4668-BE54-9A1E7A4F7556}") = "Configureoo", "Configureoo\Configureoo.csproj", "{81F1F3E3-D0CD-419F-8024-0F9552E6AF71}"
EndProject
Project("{9A19103F-16F7-4668-BE54-9A1E7A4F7556}") = "Configureoo.Core", "Configureoo.Core\Configureoo.Core.csproj", "{EA9B63F7-235C-4C0C-9A0B-378B31D86778}"
EndProject
Project("{9A19103F-16F7-4668-BE54-9A1E7A4F7556}") = "Configureoo.KeyStore.EnvironmentVariables", "Configureoo.KeyStore.EnvironmentVariables\Configureoo.KeyStore.EnvironmentVariables.csproj", "{B14BC776-35C8-469F-877F-171530FEC54E}"
EndProject
Project("{9A19103F-16F7-4668-BE54-9A1E7A4F7556}") = "Configureoo.UnitTests", "Configureoo.UnitTests\Configureoo.UnitTests.csproj", "{5B3F80E1-08E4-48F3-9566-3CF8007B66AC}"
EndProject
Project("{FAE04EC0-301F-11D3-BF4B-00C04F79EFBC}") = "Configureoo.VisualStudioTools", "Configureoo.VisualStudioTools\Configureoo.VisualStudioTools.csproj", "{C643C44D-CD42-435E-B897-A2837ACD8FB8}"
EndProject
Project("{9A19103F-16F7-4668-BE54-9A1E7A4F7556}") = "Configureoo.JsonConfigurationProvider", "Configureoo.JsonConfigurationProvider\Configureoo.JsonConfigurationProvider.csproj", "{ED73AA47-2799-4645-A383-2161D826C86B}"
EndProject
Project("{2150E333-8FDC-42A3-9474-1A3956D46DE8}") = "Demos", "Demos", "{EBED6CC1-501E-42E4-ADB8-BD066D41BF1D}"
EndProject
Project("{9A19103F-16F7-4668-BE54-9A1E7A4F7556}") = "ConsoleApp", "ConsoleApp\ConsoleApp.csproj", "{3534F90F-2A81-413E-BBFB-BF7E3476F73D}"
EndProject
Project("{F5034706-568F-408A-B7B3-4D38C6DB8A32}") = "BuildDeploy", "..\build\BuildDeploy\BuildDeploy.pssproj", "{6CAFC0C6-A428-4D30-A9F9-700E829FEA51}"
EndProject
Global
	GlobalSection(SolutionConfigurationPlatforms) = preSolution
		Debug|Any CPU = Debug|Any CPU
		Release|Any CPU = Release|Any CPU
	EndGlobalSection
	GlobalSection(ProjectConfigurationPlatforms) = postSolution
		{81F1F3E3-D0CD-419F-8024-0F9552E6AF71}.Debug|Any CPU.ActiveCfg = Debug|Any CPU
		{81F1F3E3-D0CD-419F-8024-0F9552E6AF71}.Debug|Any CPU.Build.0 = Debug|Any CPU
		{81F1F3E3-D0CD-419F-8024-0F9552E6AF71}.Release|Any CPU.ActiveCfg = Release|Any CPU
		{81F1F3E3-D0CD-419F-8024-0F9552E6AF71}.Release|Any CPU.Build.0 = Release|Any CPU
		{EA9B63F7-235C-4C0C-9A0B-378B31D86778}.Debug|Any CPU.ActiveCfg = Debug|Any CPU
		{EA9B63F7-235C-4C0C-9A0B-378B31D86778}.Debug|Any CPU.Build.0 = Debug|Any CPU
		{EA9B63F7-235C-4C0C-9A0B-378B31D86778}.Release|Any CPU.ActiveCfg = Release|Any CPU
		{EA9B63F7-235C-4C0C-9A0B-378B31D86778}.Release|Any CPU.Build.0 = Release|Any CPU
		{B14BC776-35C8-469F-877F-171530FEC54E}.Debug|Any CPU.ActiveCfg = Debug|Any CPU
		{B14BC776-35C8-469F-877F-171530FEC54E}.Debug|Any CPU.Build.0 = Debug|Any CPU
		{B14BC776-35C8-469F-877F-171530FEC54E}.Release|Any CPU.ActiveCfg = Release|Any CPU
		{B14BC776-35C8-469F-877F-171530FEC54E}.Release|Any CPU.Build.0 = Release|Any CPU
		{5B3F80E1-08E4-48F3-9566-3CF8007B66AC}.Debug|Any CPU.ActiveCfg = Debug|Any CPU
		{5B3F80E1-08E4-48F3-9566-3CF8007B66AC}.Debug|Any CPU.Build.0 = Debug|Any CPU
		{5B3F80E1-08E4-48F3-9566-3CF8007B66AC}.Release|Any CPU.ActiveCfg = Release|Any CPU
		{5B3F80E1-08E4-48F3-9566-3CF8007B66AC}.Release|Any CPU.Build.0 = Release|Any CPU
		{C643C44D-CD42-435E-B897-A2837ACD8FB8}.Debug|Any CPU.ActiveCfg = Debug|Any CPU
		{C643C44D-CD42-435E-B897-A2837ACD8FB8}.Debug|Any CPU.Build.0 = Debug|Any CPU
		{C643C44D-CD42-435E-B897-A2837ACD8FB8}.Release|Any CPU.ActiveCfg = Release|Any CPU
		{C643C44D-CD42-435E-B897-A2837ACD8FB8}.Release|Any CPU.Build.0 = Release|Any CPU
		{ED73AA47-2799-4645-A383-2161D826C86B}.Debug|Any CPU.ActiveCfg = Debug|Any CPU
		{ED73AA47-2799-4645-A383-2161D826C86B}.Debug|Any CPU.Build.0 = Debug|Any CPU
		{ED73AA47-2799-4645-A383-2161D826C86B}.Release|Any CPU.ActiveCfg = Release|Any CPU
		{ED73AA47-2799-4645-A383-2161D826C86B}.Release|Any CPU.Build.0 = Release|Any CPU
		{3534F90F-2A81-413E-BBFB-BF7E3476F73D}.Debug|Any CPU.ActiveCfg = Debug|Any CPU
		{3534F90F-2A81-413E-BBFB-BF7E3476F73D}.Debug|Any CPU.Build.0 = Debug|Any CPU
		{3534F90F-2A81-413E-BBFB-BF7E3476F73D}.Release|Any CPU.ActiveCfg = Release|Any CPU
		{3534F90F-2A81-413E-BBFB-BF7E3476F73D}.Release|Any CPU.Build.0 = Release|Any CPU
		{6CAFC0C6-A428-4D30-A9F9-700E829FEA51}.Debug|Any CPU.ActiveCfg = Debug|Any CPU
		{6CAFC0C6-A428-4D30-A9F9-700E829FEA51}.Debug|Any CPU.Build.0 = Debug|Any CPU
		{6CAFC0C6-A428-4D30-A9F9-700E829FEA51}.Release|Any CPU.ActiveCfg = Release|Any CPU
		{6CAFC0C6-A428-4D30-A9F9-700E829FEA51}.Release|Any CPU.Build.0 = Release|Any CPU
	EndGlobalSection
	GlobalSection(SolutionProperties) = preSolution
		HideSolutionNode = FALSE
	EndGlobalSection
	GlobalSection(NestedProjects) = preSolution
		{3534F90F-2A81-413E-BBFB-BF7E3476F73D} = {EBED6CC1-501E-42E4-ADB8-BD066D41BF1D}
	EndGlobalSection
	GlobalSection(ExtensibilityGlobals) = postSolution
		SolutionGuid = {614E8267-65A1-4349-BC34-3E53718C313C}
	EndGlobalSection
EndGlobal
